// !$*UTF8*$!
{
	archiveVersion = 1;
	classes = {
	};
	objectVersion = 46;
	objects = {

/* Begin PBXBuildFile section */
		401C9644E0312C7973CA7061 /* Pods_Venatus.framework in Frameworks */ = {isa = PBXBuildFile; fileRef = B286B455C632B8369228D17C /* Pods_Venatus.framework */; };
		91526C741CD1ED7B00187A98 /* TwitchData.swift in Sources */ = {isa = PBXBuildFile; fileRef = 91526C731CD1ED7B00187A98 /* TwitchData.swift */; };
		91526C771CD1ED9700187A98 /* TwitchObject.swift in Sources */ = {isa = PBXBuildFile; fileRef = 91526C761CD1ED9700187A98 /* TwitchObject.swift */; };
		91526C791CD1FD8E00187A98 /* TwitchViewController.swift in Sources */ = {isa = PBXBuildFile; fileRef = 91526C781CD1FD8E00187A98 /* TwitchViewController.swift */; };
		916AEE9E1CA4D4FE00884225 /* MapViewController.swift in Sources */ = {isa = PBXBuildFile; fileRef = 916AEE9D1CA4D4FE00884225 /* MapViewController.swift */; };
		916AEEA01CA4D74900884225 /* EventViewController.swift in Sources */ = {isa = PBXBuildFile; fileRef = 916AEE9F1CA4D74900884225 /* EventViewController.swift */; };
		916E83571C8FE7F100B33DB7 /* LoginViewController.swift in Sources */ = {isa = PBXBuildFile; fileRef = 916E83561C8FE7F100B33DB7 /* LoginViewController.swift */; };
		916E83591C8FE7FC00B33DB7 /* MainViewController.swift in Sources */ = {isa = PBXBuildFile; fileRef = 916E83581C8FE7FC00B33DB7 /* MainViewController.swift */; };
		916E835B1C8FE81200B33DB7 /* ViewingProfileViewController.swift in Sources */ = {isa = PBXBuildFile; fileRef = 916E835A1C8FE81200B33DB7 /* ViewingProfileViewController.swift */; };
		916E835D1C8FE83500B33DB7 /* ProfileViewController.swift in Sources */ = {isa = PBXBuildFile; fileRef = 916E835C1C8FE83500B33DB7 /* ProfileViewController.swift */; };
		916E835F1C8FEA5300B33DB7 /* Format.swift in Sources */ = {isa = PBXBuildFile; fileRef = 916E835E1C8FEA5300B33DB7 /* Format.swift */; };
		916E83611C8FEA9A00B33DB7 /* News.swift in Sources */ = {isa = PBXBuildFile; fileRef = 916E83601C8FEA9A00B33DB7 /* News.swift */; };
		916E83631C8FEBDC00B33DB7 /* Profile.swift in Sources */ = {isa = PBXBuildFile; fileRef = 916E83621C8FEBDC00B33DB7 /* Profile.swift */; };
		917758711CD04F3E00E6AB01 /* PopViewController.swift in Sources */ = {isa = PBXBuildFile; fileRef = 917758701CD04F3E00E6AB01 /* PopViewController.swift */; };
		917758751CD04F6B00E6AB01 /* Tiles.swift in Sources */ = {isa = PBXBuildFile; fileRef = 917758741CD04F6B00E6AB01 /* Tiles.swift */; };
		917758771CD04F7400E6AB01 /* Tiles.xib in Resources */ = {isa = PBXBuildFile; fileRef = 917758761CD04F7400E6AB01 /* Tiles.xib */; };
		917758791CD0509E00E6AB01 /* TileObj.swift in Sources */ = {isa = PBXBuildFile; fileRef = 917758781CD0509E00E6AB01 /* TileObj.swift */; };
		917C32BB1C90EB1B00D4027D /* Post.swift in Sources */ = {isa = PBXBuildFile; fileRef = 917C32BA1C90EB1B00D4027D /* Post.swift */; };
		917C32BD1C90FDAF00D4027D /* Game.swift in Sources */ = {isa = PBXBuildFile; fileRef = 917C32BC1C90FDAF00D4027D /* Game.swift */; };
		917C32BF1C9103A800D4027D /* NewsParser.swift in Sources */ = {isa = PBXBuildFile; fileRef = 917C32BE1C9103A800D4027D /* NewsParser.swift */; };
		918297481C8FCFA700AC4266 /* AppDelegate.swift in Sources */ = {isa = PBXBuildFile; fileRef = 918297471C8FCFA700AC4266 /* AppDelegate.swift */; };
		9182974D1C8FCFA700AC4266 /* Main.storyboard in Resources */ = {isa = PBXBuildFile; fileRef = 9182974B1C8FCFA700AC4266 /* Main.storyboard */; };
		9182974F1C8FCFA700AC4266 /* Assets.xcassets in Resources */ = {isa = PBXBuildFile; fileRef = 9182974E1C8FCFA700AC4266 /* Assets.xcassets */; };
		918297521C8FCFA700AC4266 /* LaunchScreen.storyboard in Resources */ = {isa = PBXBuildFile; fileRef = 918297501C8FCFA700AC4266 /* LaunchScreen.storyboard */; };
		91924B591CB4A152006B3FDA /* SWRevealViewController.m in Sources */ = {isa = PBXBuildFile; fileRef = 91924B581CB4A152006B3FDA /* SWRevealViewController.m */; };
		91924B5B1CB4A295006B3FDA /* SideViewController.swift in Sources */ = {isa = PBXBuildFile; fileRef = 91924B5A1CB4A295006B3FDA /* SideViewController.swift */; };
		91924B5D1CB4A5B7006B3FDA /* GameLibrary.swift in Sources */ = {isa = PBXBuildFile; fileRef = 91924B5C1CB4A5B7006B3FDA /* GameLibrary.swift */; };
		91A7315C1C983C5E009D4E44 /* SteamClient.swift in Sources */ = {isa = PBXBuildFile; fileRef = 91A7315B1C983C5E009D4E44 /* SteamClient.swift */; };
		91B0CBE51C99A4160068F948 /* RegistrationViewController.swift in Sources */ = {isa = PBXBuildFile; fileRef = 91B0CBE41C99A4160068F948 /* RegistrationViewController.swift */; };
		91E8A9171C9B929100564DA2 /* TwitterClient.swift in Sources */ = {isa = PBXBuildFile; fileRef = 91E8A9161C9B929100564DA2 /* TwitterClient.swift */; };
		91E8A9191C9B930E00564DA2 /* User.swift in Sources */ = {isa = PBXBuildFile; fileRef = 91E8A9181C9B930E00564DA2 /* User.swift */; };
		91EA8DC61CCF20E800B059A9 /* GamePopViewController.swift in Sources */ = {isa = PBXBuildFile; fileRef = 91EA8DC51CCF20E800B059A9 /* GamePopViewController.swift */; };
		91EA8DC81CCF22C100B059A9 /* GamesList.swift in Sources */ = {isa = PBXBuildFile; fileRef = 91EA8DC71CCF22C100B059A9 /* GamesList.swift */; };
		91EA8DCC1CCF376E00B059A9 /* GameCell.swift in Sources */ = {isa = PBXBuildFile; fileRef = 91EA8DCB1CCF376D00B059A9 /* GameCell.swift */; };
		91EA8DD21CCF912500B059A9 /* Events.swift in Sources */ = {isa = PBXBuildFile; fileRef = 91EA8DD11CCF912500B059A9 /* Events.swift */; };
		91EA8DD61CCF9B9000B059A9 /* ViewEventViewController.swift in Sources */ = {isa = PBXBuildFile; fileRef = 91EA8DD51CCF9B9000B059A9 /* ViewEventViewController.swift */; };
		91FAFD711CB73CF4004212FF /* Tweets.swift in Sources */ = {isa = PBXBuildFile; fileRef = 91FAFD701CB73CF4004212FF /* Tweets.swift */; };
		91FAFD761CB74B0A004212FF /* NewsCell.swift in Sources */ = {isa = PBXBuildFile; fileRef = 91FAFD751CB74B0A004212FF /* NewsCell.swift */; };
/* End PBXBuildFile section */

/* Begin PBXFileReference section */
		470DE717945F63A3BFE16E79 /* Pods-Venatus.debug.xcconfig */ = {isa = PBXFileReference; includeInIndex = 1; lastKnownFileType = text.xcconfig; name = "Pods-Venatus.debug.xcconfig"; path = "Pods/Target Support Files/Pods-Venatus/Pods-Venatus.debug.xcconfig"; sourceTree = "<group>"; };
		91526C731CD1ED7B00187A98 /* TwitchData.swift */ = {isa = PBXFileReference; fileEncoding = 4; lastKnownFileType = sourcecode.swift; path = TwitchData.swift; sourceTree = "<group>"; };
		91526C761CD1ED9700187A98 /* TwitchObject.swift */ = {isa = PBXFileReference; fileEncoding = 4; lastKnownFileType = sourcecode.swift; path = TwitchObject.swift; sourceTree = "<group>"; };
		91526C781CD1FD8E00187A98 /* TwitchViewController.swift */ = {isa = PBXFileReference; fileEncoding = 4; lastKnownFileType = sourcecode.swift; path = TwitchViewController.swift; sourceTree = "<group>"; };
		916AEE9D1CA4D4FE00884225 /* MapViewController.swift */ = {isa = PBXFileReference; fileEncoding = 4; lastKnownFileType = sourcecode.swift; path = MapViewController.swift; sourceTree = "<group>"; };
		916AEE9F1CA4D74900884225 /* EventViewController.swift */ = {isa = PBXFileReference; fileEncoding = 4; lastKnownFileType = sourcecode.swift; path = EventViewController.swift; sourceTree = "<group>"; };
		916E83561C8FE7F100B33DB7 /* LoginViewController.swift */ = {isa = PBXFileReference; fileEncoding = 4; lastKnownFileType = sourcecode.swift; path = LoginViewController.swift; sourceTree = "<group>"; };
		916E83581C8FE7FC00B33DB7 /* MainViewController.swift */ = {isa = PBXFileReference; fileEncoding = 4; lastKnownFileType = sourcecode.swift; path = MainViewController.swift; sourceTree = "<group>"; };
		916E835A1C8FE81200B33DB7 /* ViewingProfileViewController.swift */ = {isa = PBXFileReference; fileEncoding = 4; lastKnownFileType = sourcecode.swift; path = ViewingProfileViewController.swift; sourceTree = "<group>"; };
		916E835C1C8FE83500B33DB7 /* ProfileViewController.swift */ = {isa = PBXFileReference; fileEncoding = 4; lastKnownFileType = sourcecode.swift; path = ProfileViewController.swift; sourceTree = "<group>"; };
		916E835E1C8FEA5300B33DB7 /* Format.swift */ = {isa = PBXFileReference; fileEncoding = 4; lastKnownFileType = sourcecode.swift; path = Format.swift; sourceTree = "<group>"; };
		916E83601C8FEA9A00B33DB7 /* News.swift */ = {isa = PBXFileReference; fileEncoding = 4; lastKnownFileType = sourcecode.swift; path = News.swift; sourceTree = "<group>"; };
		916E83621C8FEBDC00B33DB7 /* Profile.swift */ = {isa = PBXFileReference; fileEncoding = 4; lastKnownFileType = sourcecode.swift; path = Profile.swift; sourceTree = "<group>"; };
		917758701CD04F3E00E6AB01 /* PopViewController.swift */ = {isa = PBXFileReference; fileEncoding = 4; lastKnownFileType = sourcecode.swift; path = PopViewController.swift; sourceTree = "<group>"; };
		917758741CD04F6B00E6AB01 /* Tiles.swift */ = {isa = PBXFileReference; fileEncoding = 4; lastKnownFileType = sourcecode.swift; path = Tiles.swift; sourceTree = "<group>"; };
		917758761CD04F7400E6AB01 /* Tiles.xib */ = {isa = PBXFileReference; fileEncoding = 4; lastKnownFileType = file.xib; path = Tiles.xib; sourceTree = "<group>"; };
		917758781CD0509E00E6AB01 /* TileObj.swift */ = {isa = PBXFileReference; fileEncoding = 4; lastKnownFileType = sourcecode.swift; path = TileObj.swift; sourceTree = "<group>"; };
		917C32BA1C90EB1B00D4027D /* Post.swift */ = {isa = PBXFileReference; fileEncoding = 4; lastKnownFileType = sourcecode.swift; path = Post.swift; sourceTree = "<group>"; };
		917C32BC1C90FDAF00D4027D /* Game.swift */ = {isa = PBXFileReference; fileEncoding = 4; lastKnownFileType = sourcecode.swift; path = Game.swift; sourceTree = "<group>"; };
		917C32BE1C9103A800D4027D /* NewsParser.swift */ = {isa = PBXFileReference; fileEncoding = 4; lastKnownFileType = sourcecode.swift; path = NewsParser.swift; sourceTree = "<group>"; };
		918297441C8FCFA700AC4266 /* Venatus.app */ = {isa = PBXFileReference; explicitFileType = wrapper.application; includeInIndex = 0; path = Venatus.app; sourceTree = BUILT_PRODUCTS_DIR; };
		918297471C8FCFA700AC4266 /* AppDelegate.swift */ = {isa = PBXFileReference; lastKnownFileType = sourcecode.swift; path = AppDelegate.swift; sourceTree = "<group>"; };
		9182974C1C8FCFA700AC4266 /* Base */ = {isa = PBXFileReference; lastKnownFileType = file.storyboard; name = Base; path = Base.lproj/Main.storyboard; sourceTree = "<group>"; };
		9182974E1C8FCFA700AC4266 /* Assets.xcassets */ = {isa = PBXFileReference; lastKnownFileType = folder.assetcatalog; path = Assets.xcassets; sourceTree = "<group>"; };
		918297511C8FCFA700AC4266 /* Base */ = {isa = PBXFileReference; lastKnownFileType = file.storyboard; name = Base; path = Base.lproj/LaunchScreen.storyboard; sourceTree = "<group>"; };
		918297531C8FCFA700AC4266 /* Info.plist */ = {isa = PBXFileReference; lastKnownFileType = text.plist.xml; path = Info.plist; sourceTree = "<group>"; };
		91924B561CB4A152006B3FDA /* Venatus-Bridging-Header.h */ = {isa = PBXFileReference; lastKnownFileType = sourcecode.c.h; path = "Venatus-Bridging-Header.h"; sourceTree = "<group>"; };
		91924B571CB4A152006B3FDA /* SWRevealViewController.h */ = {isa = PBXFileReference; fileEncoding = 4; lastKnownFileType = sourcecode.c.h; path = SWRevealViewController.h; sourceTree = "<group>"; };
		91924B581CB4A152006B3FDA /* SWRevealViewController.m */ = {isa = PBXFileReference; fileEncoding = 4; lastKnownFileType = sourcecode.c.objc; path = SWRevealViewController.m; sourceTree = "<group>"; };
		91924B5A1CB4A295006B3FDA /* SideViewController.swift */ = {isa = PBXFileReference; fileEncoding = 4; lastKnownFileType = sourcecode.swift; path = SideViewController.swift; sourceTree = "<group>"; };
		91924B5C1CB4A5B7006B3FDA /* GameLibrary.swift */ = {isa = PBXFileReference; fileEncoding = 4; lastKnownFileType = sourcecode.swift; path = GameLibrary.swift; sourceTree = "<group>"; };
		91A7315B1C983C5E009D4E44 /* SteamClient.swift */ = {isa = PBXFileReference; fileEncoding = 4; lastKnownFileType = sourcecode.swift; path = SteamClient.swift; sourceTree = "<group>"; };
		91B0CBE41C99A4160068F948 /* RegistrationViewController.swift */ = {isa = PBXFileReference; fileEncoding = 4; lastKnownFileType = sourcecode.swift; path = RegistrationViewController.swift; sourceTree = "<group>"; };
		91E8A9161C9B929100564DA2 /* TwitterClient.swift */ = {isa = PBXFileReference; fileEncoding = 4; lastKnownFileType = sourcecode.swift; path = TwitterClient.swift; sourceTree = "<group>"; };
		91E8A9181C9B930E00564DA2 /* User.swift */ = {isa = PBXFileReference; fileEncoding = 4; lastKnownFileType = sourcecode.swift; path = User.swift; sourceTree = "<group>"; };
		91EA8DC51CCF20E800B059A9 /* GamePopViewController.swift */ = {isa = PBXFileReference; fileEncoding = 4; lastKnownFileType = sourcecode.swift; path = GamePopViewController.swift; sourceTree = "<group>"; };
		91EA8DC71CCF22C100B059A9 /* GamesList.swift */ = {isa = PBXFileReference; fileEncoding = 4; lastKnownFileType = sourcecode.swift; path = GamesList.swift; sourceTree = "<group>"; };
		91EA8DCB1CCF376D00B059A9 /* GameCell.swift */ = {isa = PBXFileReference; fileEncoding = 4; lastKnownFileType = sourcecode.swift; path = GameCell.swift; sourceTree = "<group>"; };
		91EA8DD11CCF912500B059A9 /* Events.swift */ = {isa = PBXFileReference; fileEncoding = 4; lastKnownFileType = sourcecode.swift; path = Events.swift; sourceTree = "<group>"; };
		91EA8DD51CCF9B9000B059A9 /* ViewEventViewController.swift */ = {isa = PBXFileReference; fileEncoding = 4; lastKnownFileType = sourcecode.swift; path = ViewEventViewController.swift; sourceTree = "<group>"; };
		91FAFD701CB73CF4004212FF /* Tweets.swift */ = {isa = PBXFileReference; fileEncoding = 4; lastKnownFileType = sourcecode.swift; path = Tweets.swift; sourceTree = "<group>"; };
		91FAFD751CB74B0A004212FF /* NewsCell.swift */ = {isa = PBXFileReference; fileEncoding = 4; lastKnownFileType = sourcecode.swift; path = NewsCell.swift; sourceTree = "<group>"; };
		9B48B66F24CEBD409AE8D1A9 /* Pods-Venatus.release.xcconfig */ = {isa = PBXFileReference; includeInIndex = 1; lastKnownFileType = text.xcconfig; name = "Pods-Venatus.release.xcconfig"; path = "Pods/Target Support Files/Pods-Venatus/Pods-Venatus.release.xcconfig"; sourceTree = "<group>"; };
		B286B455C632B8369228D17C /* Pods_Venatus.framework */ = {isa = PBXFileReference; explicitFileType = wrapper.framework; includeInIndex = 0; path = Pods_Venatus.framework; sourceTree = BUILT_PRODUCTS_DIR; };
/* End PBXFileReference section */

/* Begin PBXFrameworksBuildPhase section */
		918297411C8FCFA700AC4266 /* Frameworks */ = {
			isa = PBXFrameworksBuildPhase;
			buildActionMask = 2147483647;
			files = (
				401C9644E0312C7973CA7061 /* Pods_Venatus.framework in Frameworks */,
			);
			runOnlyForDeploymentPostprocessing = 0;
		};
/* End PBXFrameworksBuildPhase section */

/* Begin PBXGroup section */
		606CC2E25CE60E90D617AED7 /* Pods */ = {
			isa = PBXGroup;
			children = (
				470DE717945F63A3BFE16E79 /* Pods-Venatus.debug.xcconfig */,
				9B48B66F24CEBD409AE8D1A9 /* Pods-Venatus.release.xcconfig */,
			);
			name = Pods;
			sourceTree = "<group>";
		};
		91526C751CD1ED8300187A98 /* Twitch */ = {
			isa = PBXGroup;
			children = (
				91526C731CD1ED7B00187A98 /* TwitchData.swift */,
				91526C761CD1ED9700187A98 /* TwitchObject.swift */,
			);
			name = Twitch;
			sourceTree = "<group>";
		};
		916E83531C8FE77700B33DB7 /* Views */ = {
			isa = PBXGroup;
			children = (
				917758721CD04F4200E6AB01 /* MainGroup */,
				91EA8DD41CCF9B7300B059A9 /* MapEventsSubGroup */,
				916E83561C8FE7F100B33DB7 /* LoginViewController.swift */,
				916E835A1C8FE81200B33DB7 /* ViewingProfileViewController.swift */,
				916E835C1C8FE83500B33DB7 /* ProfileViewController.swift */,
				91B0CBE41C99A4160068F948 /* RegistrationViewController.swift */,
				91924B5A1CB4A295006B3FDA /* SideViewController.swift */,
				91EA8DC51CCF20E800B059A9 /* GamePopViewController.swift */,
			);
			name = Views;
			sourceTree = "<group>";
		};
		916E83551C8FE78F00B33DB7 /* Models */ = {
			isa = PBXGroup;
			children = (
				91526C751CD1ED8300187A98 /* Twitch */,
				917758731CD04F5900E6AB01 /* Tiles */,
				91EA8DD31CCF913100B059A9 /* Singletons */,
				916E835E1C8FEA5300B33DB7 /* Format.swift */,
				916E83601C8FEA9A00B33DB7 /* News.swift */,
				917C32BA1C90EB1B00D4027D /* Post.swift */,
				917C32BC1C90FDAF00D4027D /* Game.swift */,
				917C32BE1C9103A800D4027D /* NewsParser.swift */,
				91A7315B1C983C5E009D4E44 /* SteamClient.swift */,
				91924B5C1CB4A5B7006B3FDA /* GameLibrary.swift */,
				91FAFD751CB74B0A004212FF /* NewsCell.swift */,
				91EA8DC71CCF22C100B059A9 /* GamesList.swift */,
				91EA8DCB1CCF376D00B059A9 /* GameCell.swift */,
			);
			name = Models;
			sourceTree = "<group>";
		};
		917758721CD04F4200E6AB01 /* MainGroup */ = {
			isa = PBXGroup;
			children = (
				916E83581C8FE7FC00B33DB7 /* MainViewController.swift */,
				917758701CD04F3E00E6AB01 /* PopViewController.swift */,
				91526C781CD1FD8E00187A98 /* TwitchViewController.swift */,
			);
			name = MainGroup;
			sourceTree = "<group>";
		};
		917758731CD04F5900E6AB01 /* Tiles */ = {
			isa = PBXGroup;
			children = (
				917758741CD04F6B00E6AB01 /* Tiles.swift */,
				917758761CD04F7400E6AB01 /* Tiles.xib */,
				917758781CD0509E00E6AB01 /* TileObj.swift */,
			);
			name = Tiles;
			sourceTree = "<group>";
		};
		9182973B1C8FCFA700AC4266 = {
			isa = PBXGroup;
			children = (
				918297461C8FCFA700AC4266 /* Venatus */,
				918297451C8FCFA700AC4266 /* Products */,
				606CC2E25CE60E90D617AED7 /* Pods */,
				E825AE1C8D48C759E61B0927 /* Frameworks */,
			);
			sourceTree = "<group>";
		};
		918297451C8FCFA700AC4266 /* Products */ = {
			isa = PBXGroup;
			children = (
				918297441C8FCFA700AC4266 /* Venatus.app */,
			);
			name = Products;
			sourceTree = "<group>";
		};
		918297461C8FCFA700AC4266 /* Venatus */ = {
			isa = PBXGroup;
			children = (
				91FAFD721CB73D08004212FF /* TwitterModels */,
				91924B551CB4A144006B3FDA /* SWRevealController */,
				91E8A9151C9B927B00564DA2 /* API */,
				916E83551C8FE78F00B33DB7 /* Models */,
				916E83531C8FE77700B33DB7 /* Views */,
				918297471C8FCFA700AC4266 /* AppDelegate.swift */,
				9182974B1C8FCFA700AC4266 /* Main.storyboard */,
				9182974E1C8FCFA700AC4266 /* Assets.xcassets */,
				918297501C8FCFA700AC4266 /* LaunchScreen.storyboard */,
				918297531C8FCFA700AC4266 /* Info.plist */,
			);
			path = Venatus;
			sourceTree = "<group>";
		};
		91924B551CB4A144006B3FDA /* SWRevealController */ = {
			isa = PBXGroup;
			children = (
				91924B571CB4A152006B3FDA /* SWRevealViewController.h */,
				91924B581CB4A152006B3FDA /* SWRevealViewController.m */,
				91924B561CB4A152006B3FDA /* Venatus-Bridging-Header.h */,
			);
			name = SWRevealController;
			sourceTree = "<group>";
		};
		91E8A9151C9B927B00564DA2 /* API */ = {
			isa = PBXGroup;
			children = (
				91E8A9161C9B929100564DA2 /* TwitterClient.swift */,
			);
			name = API;
			sourceTree = "<group>";
		};
		91EA8DD31CCF913100B059A9 /* Singletons */ = {
			isa = PBXGroup;
			children = (
				916E83621C8FEBDC00B33DB7 /* Profile.swift */,
			);
			name = Singletons;
			sourceTree = "<group>";
		};
		91EA8DD41CCF9B7300B059A9 /* MapEventsSubGroup */ = {
			isa = PBXGroup;
			children = (
				916AEE9D1CA4D4FE00884225 /* MapViewController.swift */,
				916AEE9F1CA4D74900884225 /* EventViewController.swift */,
				91EA8DD51CCF9B9000B059A9 /* ViewEventViewController.swift */,
				91EA8DD11CCF912500B059A9 /* Events.swift */,
			);
			name = MapEventsSubGroup;
			sourceTree = "<group>";
		};
		91FAFD721CB73D08004212FF /* TwitterModels */ = {
			isa = PBXGroup;
			children = (
				91E8A9181C9B930E00564DA2 /* User.swift */,
				91FAFD701CB73CF4004212FF /* Tweets.swift */,
			);
			name = TwitterModels;
			sourceTree = "<group>";
		};
		E825AE1C8D48C759E61B0927 /* Frameworks */ = {
			isa = PBXGroup;
			children = (
				B286B455C632B8369228D17C /* Pods_Venatus.framework */,
			);
			name = Frameworks;
			sourceTree = "<group>";
		};
/* End PBXGroup section */

/* Begin PBXNativeTarget section */
		918297431C8FCFA700AC4266 /* Venatus */ = {
			isa = PBXNativeTarget;
			buildConfigurationList = 918297561C8FCFA700AC4266 /* Build configuration list for PBXNativeTarget "Venatus" */;
			buildPhases = (
				53F6F357DADA708FC2494225 /* Check Pods Manifest.lock */,
				918297401C8FCFA700AC4266 /* Sources */,
				918297411C8FCFA700AC4266 /* Frameworks */,
				918297421C8FCFA700AC4266 /* Resources */,
				28293D0A610B3AD3EA45679D /* Embed Pods Frameworks */,
				D5FC75187E8D856FCA814D09 /* Copy Pods Resources */,
			);
			buildRules = (
			);
			dependencies = (
			);
			name = Venatus;
			productName = Venatus;
			productReference = 918297441C8FCFA700AC4266 /* Venatus.app */;
			productType = "com.apple.product-type.application";
		};
/* End PBXNativeTarget section */

/* Begin PBXProject section */
		9182973C1C8FCFA700AC4266 /* Project object */ = {
			isa = PBXProject;
			attributes = {
				LastSwiftUpdateCheck = 0720;
				LastUpgradeCheck = 0720;
				ORGANIZATIONNAME = Dougli;
				TargetAttributes = {
					918297431C8FCFA700AC4266 = {
						CreatedOnToolsVersion = 7.2;
						DevelopmentTeam = FD8ZCG5BFR;
					};
				};
			};
			buildConfigurationList = 9182973F1C8FCFA700AC4266 /* Build configuration list for PBXProject "Venatus" */;
			compatibilityVersion = "Xcode 3.2";
			developmentRegion = English;
			hasScannedForEncodings = 0;
			knownRegions = (
				en,
				Base,
			);
			mainGroup = 9182973B1C8FCFA700AC4266;
			productRefGroup = 918297451C8FCFA700AC4266 /* Products */;
			projectDirPath = "";
			projectRoot = "";
			targets = (
				918297431C8FCFA700AC4266 /* Venatus */,
			);
		};
/* End PBXProject section */

/* Begin PBXResourcesBuildPhase section */
		918297421C8FCFA700AC4266 /* Resources */ = {
			isa = PBXResourcesBuildPhase;
			buildActionMask = 2147483647;
			files = (
				918297521C8FCFA700AC4266 /* LaunchScreen.storyboard in Resources */,
				9182974F1C8FCFA700AC4266 /* Assets.xcassets in Resources */,
				9182974D1C8FCFA700AC4266 /* Main.storyboard in Resources */,
				917758771CD04F7400E6AB01 /* Tiles.xib in Resources */,
			);
			runOnlyForDeploymentPostprocessing = 0;
		};
/* End PBXResourcesBuildPhase section */

/* Begin PBXShellScriptBuildPhase section */
		28293D0A610B3AD3EA45679D /* Embed Pods Frameworks */ = {
			isa = PBXShellScriptBuildPhase;
			buildActionMask = 2147483647;
			files = (
			);
			inputPaths = (
			);
			name = "Embed Pods Frameworks";
			outputPaths = (
			);
			runOnlyForDeploymentPostprocessing = 0;
			shellPath = /bin/sh;
			shellScript = "\"${SRCROOT}/Pods/Target Support Files/Pods-Venatus/Pods-Venatus-frameworks.sh\"\n";
			showEnvVarsInLog = 0;
		};
		53F6F357DADA708FC2494225 /* Check Pods Manifest.lock */ = {
			isa = PBXShellScriptBuildPhase;
			buildActionMask = 2147483647;
			files = (
			);
			inputPaths = (
			);
			name = "Check Pods Manifest.lock";
			outputPaths = (
			);
			runOnlyForDeploymentPostprocessing = 0;
			shellPath = /bin/sh;
			shellScript = "diff \"${PODS_ROOT}/../Podfile.lock\" \"${PODS_ROOT}/Manifest.lock\" > /dev/null\nif [[ $? != 0 ]] ; then\n    cat << EOM\nerror: The sandbox is not in sync with the Podfile.lock. Run 'pod install' or update your CocoaPods installation.\nEOM\n    exit 1\nfi\n";
			showEnvVarsInLog = 0;
		};
		D5FC75187E8D856FCA814D09 /* Copy Pods Resources */ = {
			isa = PBXShellScriptBuildPhase;
			buildActionMask = 2147483647;
			files = (
			);
			inputPaths = (
			);
			name = "Copy Pods Resources";
			outputPaths = (
			);
			runOnlyForDeploymentPostprocessing = 0;
			shellPath = /bin/sh;
			shellScript = "\"${SRCROOT}/Pods/Target Support Files/Pods-Venatus/Pods-Venatus-resources.sh\"\n";
			showEnvVarsInLog = 0;
		};
/* End PBXShellScriptBuildPhase section */

/* Begin PBXSourcesBuildPhase section */
		918297401C8FCFA700AC4266 /* Sources */ = {
			isa = PBXSourcesBuildPhase;
			buildActionMask = 2147483647;
			files = (
				91EA8DD21CCF912500B059A9 /* Events.swift in Sources */,
				91EA8DCC1CCF376E00B059A9 /* GameCell.swift in Sources */,
				916E83571C8FE7F100B33DB7 /* LoginViewController.swift in Sources */,
				917758791CD0509E00E6AB01 /* TileObj.swift in Sources */,
				91924B591CB4A152006B3FDA /* SWRevealViewController.m in Sources */,
				917C32BD1C90FDAF00D4027D /* Game.swift in Sources */,
				916E83631C8FEBDC00B33DB7 /* Profile.swift in Sources */,
				916E835B1C8FE81200B33DB7 /* ViewingProfileViewController.swift in Sources */,
				91E8A9171C9B929100564DA2 /* TwitterClient.swift in Sources */,
				916AEEA01CA4D74900884225 /* EventViewController.swift in Sources */,
				91B0CBE51C99A4160068F948 /* RegistrationViewController.swift in Sources */,
				91924B5D1CB4A5B7006B3FDA /* GameLibrary.swift in Sources */,
				916E835F1C8FEA5300B33DB7 /* Format.swift in Sources */,
				91FAFD761CB74B0A004212FF /* NewsCell.swift in Sources */,
				91EA8DC81CCF22C100B059A9 /* GamesList.swift in Sources */,
				917C32BF1C9103A800D4027D /* NewsParser.swift in Sources */,
				91FAFD711CB73CF4004212FF /* Tweets.swift in Sources */,
				917758711CD04F3E00E6AB01 /* PopViewController.swift in Sources */,
				91EA8DC61CCF20E800B059A9 /* GamePopViewController.swift in Sources */,
				91E8A9191C9B930E00564DA2 /* User.swift in Sources */,
				916E835D1C8FE83500B33DB7 /* ProfileViewController.swift in Sources */,
				916E83611C8FEA9A00B33DB7 /* News.swift in Sources */,
				91526C741CD1ED7B00187A98 /* TwitchData.swift in Sources */,
				91526C771CD1ED9700187A98 /* TwitchObject.swift in Sources */,
				917758751CD04F6B00E6AB01 /* Tiles.swift in Sources */,
				918297481C8FCFA700AC4266 /* AppDelegate.swift in Sources */,
				91A7315C1C983C5E009D4E44 /* SteamClient.swift in Sources */,
				91924B5B1CB4A295006B3FDA /* SideViewController.swift in Sources */,
				91526C791CD1FD8E00187A98 /* TwitchViewController.swift in Sources */,
				916E83591C8FE7FC00B33DB7 /* MainViewController.swift in Sources */,
				917C32BB1C90EB1B00D4027D /* Post.swift in Sources */,
				91EA8DD61CCF9B9000B059A9 /* ViewEventViewController.swift in Sources */,
				916AEE9E1CA4D4FE00884225 /* MapViewController.swift in Sources */,
			);
			runOnlyForDeploymentPostprocessing = 0;
		};
/* End PBXSourcesBuildPhase section */

/* Begin PBXVariantGroup section */
		9182974B1C8FCFA700AC4266 /* Main.storyboard */ = {
			isa = PBXVariantGroup;
			children = (
				9182974C1C8FCFA700AC4266 /* Base */,
			);
			name = Main.storyboard;
			sourceTree = "<group>";
		};
		918297501C8FCFA700AC4266 /* LaunchScreen.storyboard */ = {
			isa = PBXVariantGroup;
			children = (
				918297511C8FCFA700AC4266 /* Base */,
			);
			name = LaunchScreen.storyboard;
			sourceTree = "<group>";
		};
/* End PBXVariantGroup section */

/* Begin XCBuildConfiguration section */
		918297541C8FCFA700AC4266 /* Debug */ = {
			isa = XCBuildConfiguration;
			buildSettings = {
				ALWAYS_SEARCH_USER_PATHS = NO;
				CLANG_CXX_LANGUAGE_STANDARD = "gnu++0x";
				CLANG_CXX_LIBRARY = "libc++";
				CLANG_ENABLE_MODULES = YES;
				CLANG_ENABLE_OBJC_ARC = YES;
				CLANG_WARN_BOOL_CONVERSION = YES;
				CLANG_WARN_CONSTANT_CONVERSION = YES;
				CLANG_WARN_DIRECT_OBJC_ISA_USAGE = YES_ERROR;
				CLANG_WARN_EMPTY_BODY = YES;
				CLANG_WARN_ENUM_CONVERSION = YES;
				CLANG_WARN_INT_CONVERSION = YES;
				CLANG_WARN_OBJC_ROOT_CLASS = YES_ERROR;
				CLANG_WARN_UNREACHABLE_CODE = YES;
				CLANG_WARN__DUPLICATE_METHOD_MATCH = YES;
				"CODE_SIGN_IDENTITY[sdk=iphoneos*]" = "iPhone Developer";
				COPY_PHASE_STRIP = NO;
				DEBUG_INFORMATION_FORMAT = dwarf;
				ENABLE_STRICT_OBJC_MSGSEND = YES;
				ENABLE_TESTABILITY = YES;
				GCC_C_LANGUAGE_STANDARD = gnu99;
				GCC_DYNAMIC_NO_PIC = NO;
				GCC_NO_COMMON_BLOCKS = YES;
				GCC_OPTIMIZATION_LEVEL = 0;
				GCC_PREPROCESSOR_DEFINITIONS = (
					"DEBUG=1",
					"$(inherited)",
				);
				GCC_WARN_64_TO_32_BIT_CONVERSION = YES;
				GCC_WARN_ABOUT_RETURN_TYPE = YES_ERROR;
				GCC_WARN_UNDECLARED_SELECTOR = YES;
				GCC_WARN_UNINITIALIZED_AUTOS = YES_AGGRESSIVE;
				GCC_WARN_UNUSED_FUNCTION = YES;
				GCC_WARN_UNUSED_VARIABLE = YES;
				IPHONEOS_DEPLOYMENT_TARGET = 9.2;
				MTL_ENABLE_DEBUG_INFO = YES;
				ONLY_ACTIVE_ARCH = YES;
				SDKROOT = iphoneos;
				SWIFT_OPTIMIZATION_LEVEL = "-Onone";
				TARGETED_DEVICE_FAMILY = "1,2";
			};
			name = Debug;
		};
		918297551C8FCFA700AC4266 /* Release */ = {
			isa = XCBuildConfiguration;
			buildSettings = {
				ALWAYS_SEARCH_USER_PATHS = NO;
				CLANG_CXX_LANGUAGE_STANDARD = "gnu++0x";
				CLANG_CXX_LIBRARY = "libc++";
				CLANG_ENABLE_MODULES = YES;
				CLANG_ENABLE_OBJC_ARC = YES;
				CLANG_WARN_BOOL_CONVERSION = YES;
				CLANG_WARN_CONSTANT_CONVERSION = YES;
				CLANG_WARN_DIRECT_OBJC_ISA_USAGE = YES_ERROR;
				CLANG_WARN_EMPTY_BODY = YES;
				CLANG_WARN_ENUM_CONVERSION = YES;
				CLANG_WARN_INT_CONVERSION = YES;
				CLANG_WARN_OBJC_ROOT_CLASS = YES_ERROR;
				CLANG_WARN_UNREACHABLE_CODE = YES;
				CLANG_WARN__DUPLICATE_METHOD_MATCH = YES;
				"CODE_SIGN_IDENTITY[sdk=iphoneos*]" = "iPhone Developer";
				COPY_PHASE_STRIP = NO;
				DEBUG_INFORMATION_FORMAT = "dwarf-with-dsym";
				ENABLE_NS_ASSERTIONS = NO;
				ENABLE_STRICT_OBJC_MSGSEND = YES;
				GCC_C_LANGUAGE_STANDARD = gnu99;
				GCC_NO_COMMON_BLOCKS = YES;
				GCC_WARN_64_TO_32_BIT_CONVERSION = YES;
				GCC_WARN_ABOUT_RETURN_TYPE = YES_ERROR;
				GCC_WARN_UNDECLARED_SELECTOR = YES;
				GCC_WARN_UNINITIALIZED_AUTOS = YES_AGGRESSIVE;
				GCC_WARN_UNUSED_FUNCTION = YES;
				GCC_WARN_UNUSED_VARIABLE = YES;
				IPHONEOS_DEPLOYMENT_TARGET = 9.2;
				MTL_ENABLE_DEBUG_INFO = NO;
				SDKROOT = iphoneos;
				TARGETED_DEVICE_FAMILY = "1,2";
				VALIDATE_PRODUCT = YES;
			};
			name = Release;
		};
		918297571C8FCFA700AC4266 /* Debug */ = {
			isa = XCBuildConfiguration;
			baseConfigurationReference = 470DE717945F63A3BFE16E79 /* Pods-Venatus.debug.xcconfig */;
			buildSettings = {
				ASSETCATALOG_COMPILER_APPICON_NAME = AppIcon;
				CLANG_ENABLE_MODULES = YES;
				INFOPLIST_FILE = Venatus/Info.plist;
				LD_RUNPATH_SEARCH_PATHS = "$(inherited) @executable_path/Frameworks";
				PRODUCT_BUNDLE_IDENTIFIER = Zhi.Venatus;
				PRODUCT_NAME = "$(TARGET_NAME)";
				SWIFT_OBJC_BRIDGING_HEADER = "Venatus/Venatus-Bridging-Header.h";
				SWIFT_OPTIMIZATION_LEVEL = "-Onone";
			};
			name = Debug;
		};
		918297581C8FCFA700AC4266 /* Release */ = {
			isa = XCBuildConfiguration;
			baseConfigurationReference = 9B48B66F24CEBD409AE8D1A9 /* Pods-Venatus.release.xcconfig */;
			buildSettings = {
				ASSETCATALOG_COMPILER_APPICON_NAME = AppIcon;
				CLANG_ENABLE_MODULES = YES;
				INFOPLIST_FILE = Venatus/Info.plist;
				LD_RUNPATH_SEARCH_PATHS = "$(inherited) @executable_path/Frameworks";
				PRODUCT_BUNDLE_IDENTIFIER = Zhi.Venatus;
				PRODUCT_NAME = "$(TARGET_NAME)";
				SWIFT_OBJC_BRIDGING_HEADER = "Venatus/Venatus-Bridging-Header.h";
			};
			name = Release;
		};
/* End XCBuildConfiguration section */

/* Begin XCConfigurationList section */
		9182973F1C8FCFA700AC4266 /* Build configuration list for PBXProject "Venatus" */ = {
			isa = XCConfigurationList;
			buildConfigurations = (
				918297541C8FCFA700AC4266 /* Debug */,
				918297551C8FCFA700AC4266 /* Release */,
			);
			defaultConfigurationIsVisible = 0;
			defaultConfigurationName = Release;
		};
		918297561C8FCFA700AC4266 /* Build configuration list for PBXNativeTarget "Venatus" */ = {
			isa = XCConfigurationList;
			buildConfigurations = (
				918297571C8FCFA700AC4266 /* Debug */,
				918297581C8FCFA700AC4266 /* Release */,
			);
			defaultConfigurationIsVisible = 0;
			defaultConfigurationName = Release;
		};
/* End XCConfigurationList section */
	};
	rootObject = 9182973C1C8FCFA700AC4266 /* Project object */;
}
